github.com/dgrijalva/jwt-go v3.2.0+incompatible h1:7qlOGliEKZXTDg6OTjfoBKDXWrumCAMpl/TFQ4/5kLM=
github.com/dgrijalva/jwt-go v3.2.0+incompatible/go.mod h1:E3ru+11k8xSBh+hMPgOLZmtrrCbhqsmaPHjLKYnJCaQ=
github.com/lpoulain/PaaKS/paaks v0.0.0-20220517020345-6aa619145e12 h1:vl5lbRb1GTsY2vmAwD3xRZy6vGV8eiFzmmQIq3LpLMY=
github.com/lpoulain/PaaKS/paaks v0.0.0-20220517020345-6aa619145e12/go.mod h1:yZMvR8EYdRuhG749aq88A3cHIMyPGzJnBSE38EAm0+w=
