github.com/dgrijalva/jwt-go v3.2.0+incompatible h1:7qlOGliEKZXTDg6OTjfoBKDXWrumCAMpl/TFQ4/5kLM=
github.com/dgrijalva/jwt-go v3.2.0+incompatible/go.mod h1:E3ru+11k8xSBh+hMPgOLZmtrrCbhqsmaPHjLKYnJCaQ=
github.com/julienschmidt/httprouter v1.3.0 h1:U0609e9tgbseu3rBINet9P48AI/D3oJs4dN7jwJOQ1U=
github.com/julienschmidt/httprouter v1.3.0/go.mod h1:JR6WtHb+2LUe8TCKY3cZOxFyyO8IZAc4RVcycCCAKdM=
github.com/lib/pq v1.10.5 h1:J+gdV2cUmX7ZqL2B0lFcW0m+egaHC2V3lpO8nWxyYiQ=
github.com/lib/pq v1.10.5/go.mod h1:AlVN5x4E4T544tWzH6hKfbfQvm3HdbOxrmggDNAPY9o=
github.com/lpoulain/PaaKS/paaks v0.0.0-20220623035007-cb33787c9bf6 h1:4cMkAgGgv63ANy6ucphD1lzbGAOLXP0mBERShu8Nlbc=
github.com/lpoulain/PaaKS/paaks v0.0.0-20220623035007-cb33787c9bf6/go.mod h1:yZMvR8EYdRuhG749aq88A3cHIMyPGzJnBSE38EAm0+w=
github.com/lpoulain/PaaKS/paaksdb v0.0.0-20220505022240-3bb07b0c9946 h1:L4+wd5CVKKu4DidmLgkQ6jStvElYapsXpMf919eBQJU=
github.com/lpoulain/PaaKS/paaksdb v0.0.0-20220505022240-3bb07b0c9946/go.mod h1:fqAaLlV4xCn03Ei/m9KQEG+9chik5XsaaIcXmjDcQk8=
